
Microsoft Visual Studio Solution File, Format Version 12.00
# Visual Studio Version 17
VisualStudioVersion = 17.0.31912.275
MinimumVisualStudioVersion = 10.0.40219.1
Project("{9A19103F-16F7-4668-BE54-9A1E7A4F7556}") = "HiddenVilla_Server", "HiddenVilla_Server\HiddenVilla_Server.csproj", "{8C47DDDE-8A4C-4102-8563-135B369B0071}"
EndProject
Project("{9A19103F-16F7-4668-BE54-9A1E7A4F7556}") = "DataAcess", "DataAcess\DataAcess.csproj", "{10F94661-96EE-4CA4-99BC-AD3C7A180266}"
EndProject
Project("{9A19103F-16F7-4668-BE54-9A1E7A4F7556}") = "Common", "Common\Common.csproj", "{252CC706-8454-40AA-9341-9CAB8508BA71}"
EndProject
Project("{9A19103F-16F7-4668-BE54-9A1E7A4F7556}") = "Business", "Business\Business.csproj", "{5499CF4B-C1DB-4EA5-8589-ABDBD92B4234}"
EndProject
Project("{9A19103F-16F7-4668-BE54-9A1E7A4F7556}") = "Models", "Models\Models.csproj", "{D3F2C9CA-D70C-4226-9FB6-481DBA0F2105}"
EndProject
Project("{9A19103F-16F7-4668-BE54-9A1E7A4F7556}") = "HiddenVilla_API", "HiddenVilla_API\HiddenVilla_API.csproj", "{23A196E7-F117-4473-87C7-297977A4C3E6}"
EndProject
Project("{FAE04EC0-301F-11D3-BF4B-00C04F79EFBC}") = "HiddenVilla_Client", "HiddenVilla_Client\HiddenVilla_Client.csproj", "{782D7F18-09DB-4AA5-830F-C15590CF9015}"
EndProject
Global
	GlobalSection(SolutionConfigurationPlatforms) = preSolution
		Debug|Any CPU = Debug|Any CPU
		Release|Any CPU = Release|Any CPU
	EndGlobalSection
	GlobalSection(ProjectConfigurationPlatforms) = postSolution
		{8C47DDDE-8A4C-4102-8563-135B369B0071}.Debug|Any CPU.ActiveCfg = Debug|Any CPU
		{8C47DDDE-8A4C-4102-8563-135B369B0071}.Debug|Any CPU.Build.0 = Debug|Any CPU
		{8C47DDDE-8A4C-4102-8563-135B369B0071}.Release|Any CPU.ActiveCfg = Release|Any CPU
		{8C47DDDE-8A4C-4102-8563-135B369B0071}.Release|Any CPU.Build.0 = Release|Any CPU
		{10F94661-96EE-4CA4-99BC-AD3C7A180266}.Debug|Any CPU.ActiveCfg = Debug|Any CPU
		{10F94661-96EE-4CA4-99BC-AD3C7A180266}.Debug|Any CPU.Build.0 = Debug|Any CPU
		{10F94661-96EE-4CA4-99BC-AD3C7A180266}.Release|Any CPU.ActiveCfg = Release|Any CPU
		{10F94661-96EE-4CA4-99BC-AD3C7A180266}.Release|Any CPU.Build.0 = Release|Any CPU
		{252CC706-8454-40AA-9341-9CAB8508BA71}.Debug|Any CPU.ActiveCfg = Debug|Any CPU
		{252CC706-8454-40AA-9341-9CAB8508BA71}.Debug|Any CPU.Build.0 = Debug|Any CPU
		{252CC706-8454-40AA-9341-9CAB8508BA71}.Release|Any CPU.ActiveCfg = Release|Any CPU
		{252CC706-8454-40AA-9341-9CAB8508BA71}.Release|Any CPU.Build.0 = Release|Any CPU
		{5499CF4B-C1DB-4EA5-8589-ABDBD92B4234}.Debug|Any CPU.ActiveCfg = Debug|Any CPU
		{5499CF4B-C1DB-4EA5-8589-ABDBD92B4234}.Debug|Any CPU.Build.0 = Debug|Any CPU
		{5499CF4B-C1DB-4EA5-8589-ABDBD92B4234}.Release|Any CPU.ActiveCfg = Release|Any CPU
		{5499CF4B-C1DB-4EA5-8589-ABDBD92B4234}.Release|Any CPU.Build.0 = Release|Any CPU
		{D3F2C9CA-D70C-4226-9FB6-481DBA0F2105}.Debug|Any CPU.ActiveCfg = Debug|Any CPU
		{D3F2C9CA-D70C-4226-9FB6-481DBA0F2105}.Debug|Any CPU.Build.0 = Debug|Any CPU
		{D3F2C9CA-D70C-4226-9FB6-481DBA0F2105}.Release|Any CPU.ActiveCfg = Release|Any CPU
		{D3F2C9CA-D70C-4226-9FB6-481DBA0F2105}.Release|Any CPU.Build.0 = Release|Any CPU
		{23A196E7-F117-4473-87C7-297977A4C3E6}.Debug|Any CPU.ActiveCfg = Debug|Any CPU
		{23A196E7-F117-4473-87C7-297977A4C3E6}.Debug|Any CPU.Build.0 = Debug|Any CPU
		{23A196E7-F117-4473-87C7-297977A4C3E6}.Release|Any CPU.ActiveCfg = Release|Any CPU
		{23A196E7-F117-4473-87C7-297977A4C3E6}.Release|Any CPU.Build.0 = Release|Any CPU
		{782D7F18-09DB-4AA5-830F-C15590CF9015}.Debug|Any CPU.ActiveCfg = Debug|Any CPU
		{782D7F18-09DB-4AA5-830F-C15590CF9015}.Debug|Any CPU.Build.0 = Debug|Any CPU
		{782D7F18-09DB-4AA5-830F-C15590CF9015}.Release|Any CPU.ActiveCfg = Release|Any CPU
		{782D7F18-09DB-4AA5-830F-C15590CF9015}.Release|Any CPU.Build.0 = Release|Any CPU
	EndGlobalSection
	GlobalSection(SolutionProperties) = preSolution
		HideSolutionNode = FALSE
	EndGlobalSection
	GlobalSection(ExtensibilityGlobals) = postSolution
		SolutionGuid = {FF464DBA-CEC5-4140-A06B-43AB921B10FC}
	EndGlobalSection
EndGlobal
